
Microsoft Visual Studio Solution File, Format Version 12.00
# Visual Studio 2013
VisualStudioVersion = 12.0.21005.1
MinimumVisualStudioVersion = 10.0.40219.1
Project("{2150E333-8FDC-42A3-9474-1A3956D46DE8}") = "DataLayer", "DataLayer", "{549A5F0E-42C5-4609-86F0-B9B5090A6DA0}"
EndProject
Project("{2150E333-8FDC-42A3-9474-1A3956D46DE8}") = "Domain", "Domain", "{587FCFE4-232D-4E2F-91C5-82D6864EB305}"
EndProject
Project("{2150E333-8FDC-42A3-9474-1A3956D46DE8}") = "PresentationLayer", "PresentationLayer", "{C9091905-9F83-49B4-8E1C-5F1D807DA588}"
EndProject
Project("{FAE04EC0-301F-11D3-BF4B-00C04F79EFBC}") = "Repositories", "Repositories\Repositories.csproj", "{93634C79-B2BC-4157-A25A-EE896294B594}"
EndProject
Project("{FAE04EC0-301F-11D3-BF4B-00C04F79EFBC}") = "Contracts", "Contracts\Contracts.csproj", "{D6D5B419-0D86-451E-A43D-FA3434BFF3B9}"
EndProject
Project("{FAE04EC0-301F-11D3-BF4B-00C04F79EFBC}") = "DomainModel", "DomainModel\DomainModel.csproj", "{21BA030D-B8D7-4867-81DB-914C0C664274}"
EndProject
Project("{FAE04EC0-301F-11D3-BF4B-00C04F79EFBC}") = "Services", "Services\Services.csproj", "{E1381CE9-3AA2-454F-A703-939D898FACA7}"
EndProject
Project("{FAE04EC0-301F-11D3-BF4B-00C04F79EFBC}") = "WForms", "WForms\WForms.csproj", "{9E93189D-6739-45FB-B58B-6DA1F5025D01}"
EndProject
Project("{FAE04EC0-301F-11D3-BF4B-00C04F79EFBC}") = "WpfApplication", "WpfApplication\WpfApplication.csproj", "{1B99FF2E-E3B6-4076-B2E4-C580AE22EB7B}"
EndProject
Global
	GlobalSection(SolutionConfigurationPlatforms) = preSolution
		Debug|Any CPU = Debug|Any CPU
		Release|Any CPU = Release|Any CPU
	EndGlobalSection
	GlobalSection(ProjectConfigurationPlatforms) = postSolution
		{93634C79-B2BC-4157-A25A-EE896294B594}.Debug|Any CPU.ActiveCfg = Debug|Any CPU
		{93634C79-B2BC-4157-A25A-EE896294B594}.Debug|Any CPU.Build.0 = Debug|Any CPU
		{93634C79-B2BC-4157-A25A-EE896294B594}.Release|Any CPU.ActiveCfg = Release|Any CPU
		{93634C79-B2BC-4157-A25A-EE896294B594}.Release|Any CPU.Build.0 = Release|Any CPU
		{D6D5B419-0D86-451E-A43D-FA3434BFF3B9}.Debug|Any CPU.ActiveCfg = Debug|Any CPU
		{D6D5B419-0D86-451E-A43D-FA3434BFF3B9}.Debug|Any CPU.Build.0 = Debug|Any CPU
		{D6D5B419-0D86-451E-A43D-FA3434BFF3B9}.Release|Any CPU.ActiveCfg = Release|Any CPU
		{D6D5B419-0D86-451E-A43D-FA3434BFF3B9}.Release|Any CPU.Build.0 = Release|Any CPU
		{21BA030D-B8D7-4867-81DB-914C0C664274}.Debug|Any CPU.ActiveCfg = Debug|Any CPU
		{21BA030D-B8D7-4867-81DB-914C0C664274}.Debug|Any CPU.Build.0 = Debug|Any CPU
		{21BA030D-B8D7-4867-81DB-914C0C664274}.Release|Any CPU.ActiveCfg = Release|Any CPU
		{21BA030D-B8D7-4867-81DB-914C0C664274}.Release|Any CPU.Build.0 = Release|Any CPU
		{E1381CE9-3AA2-454F-A703-939D898FACA7}.Debug|Any CPU.ActiveCfg = Debug|Any CPU
		{E1381CE9-3AA2-454F-A703-939D898FACA7}.Debug|Any CPU.Build.0 = Debug|Any CPU
		{E1381CE9-3AA2-454F-A703-939D898FACA7}.Release|Any CPU.ActiveCfg = Release|Any CPU
		{E1381CE9-3AA2-454F-A703-939D898FACA7}.Release|Any CPU.Build.0 = Release|Any CPU
		{9E93189D-6739-45FB-B58B-6DA1F5025D01}.Debug|Any CPU.ActiveCfg = Debug|Any CPU
		{9E93189D-6739-45FB-B58B-6DA1F5025D01}.Debug|Any CPU.Build.0 = Debug|Any CPU
		{9E93189D-6739-45FB-B58B-6DA1F5025D01}.Release|Any CPU.ActiveCfg = Release|Any CPU
		{9E93189D-6739-45FB-B58B-6DA1F5025D01}.Release|Any CPU.Build.0 = Release|Any CPU
		{1B99FF2E-E3B6-4076-B2E4-C580AE22EB7B}.Debug|Any CPU.ActiveCfg = Debug|Any CPU
		{1B99FF2E-E3B6-4076-B2E4-C580AE22EB7B}.Debug|Any CPU.Build.0 = Debug|Any CPU
		{1B99FF2E-E3B6-4076-B2E4-C580AE22EB7B}.Release|Any CPU.ActiveCfg = Release|Any CPU
		{1B99FF2E-E3B6-4076-B2E4-C580AE22EB7B}.Release|Any CPU.Build.0 = Release|Any CPU
	EndGlobalSection
	GlobalSection(SolutionProperties) = preSolution
		HideSolutionNode = FALSE
	EndGlobalSection
	GlobalSection(NestedProjects) = preSolution
		{93634C79-B2BC-4157-A25A-EE896294B594} = {549A5F0E-42C5-4609-86F0-B9B5090A6DA0}
		{D6D5B419-0D86-451E-A43D-FA3434BFF3B9} = {587FCFE4-232D-4E2F-91C5-82D6864EB305}
		{21BA030D-B8D7-4867-81DB-914C0C664274} = {587FCFE4-232D-4E2F-91C5-82D6864EB305}
		{E1381CE9-3AA2-454F-A703-939D898FACA7} = {587FCFE4-232D-4E2F-91C5-82D6864EB305}
		{9E93189D-6739-45FB-B58B-6DA1F5025D01} = {C9091905-9F83-49B4-8E1C-5F1D807DA588}
		{1B99FF2E-E3B6-4076-B2E4-C580AE22EB7B} = {C9091905-9F83-49B4-8E1C-5F1D807DA588}
	EndGlobalSection
EndGlobal
